PODS:
  - Alamofire (4.9.1)
  - AlamofireObjectMapper (5.2.0):
    - Alamofire (~> 4.7)
    - ObjectMapper (~> 3.4)
  - CDYelpFusionKit (1.5.1):
    - AlamofireObjectMapper (= 5.2.0)
  - ObjectMapper (3.5.3)

DEPENDENCIES:
  - CDYelpFusionKit (= 1.5.1)

SPEC REPOS:
  trunk:
    - Alamofire
    - AlamofireObjectMapper
    - CDYelpFusionKit
    - ObjectMapper

SPEC CHECKSUMS:
  Alamofire: 85e8a02c69d6020a0d734f6054870d7ecb75cf18
  AlamofireObjectMapper: 92b6ce2423a9d159e686f6a1d514a009bf903ddc
  CDYelpFusionKit: 94a7802fa23ef0eb78514c8a6f246f55b6bc91f0
  ObjectMapper: 97111c97e054a6ee25917662106689f0b4127b37

PODFILE CHECKSUM: a1a83ba4791c72968ea40dd5520db281905e3169

COCOAPODS: 1.9.3
