// !$*UTF8*$!
{
	archiveVersion = 1;
	classes = {
	};
	objectVersion = 50;
	objects = {

/* Begin PBXBuildFile section */
		BBA2C8CE24B914DC0043C059 /* AppDelegate.swift in Sources */ = {isa = PBXBuildFile; fileRef = BBA2C8CD24B914DC0043C059 /* AppDelegate.swift */; };
		BBA2C8D024B914DC0043C059 /* SceneDelegate.swift in Sources */ = {isa = PBXBuildFile; fileRef = BBA2C8CF24B914DC0043C059 /* SceneDelegate.swift */; };
		BBA2C8D224B914DC0043C059 /* HomeViewController.swift in Sources */ = {isa = PBXBuildFile; fileRef = BBA2C8D124B914DC0043C059 /* HomeViewController.swift */; };
		BBA2C8D524B914DC0043C059 /* Main.storyboard in Resources */ = {isa = PBXBuildFile; fileRef = BBA2C8D324B914DC0043C059 /* Main.storyboard */; };
		BBA2C8D724B914DE0043C059 /* Assets.xcassets in Resources */ = {isa = PBXBuildFile; fileRef = BBA2C8D624B914DE0043C059 /* Assets.xcassets */; };
		BBA2C8DA24B914DE0043C059 /* LaunchScreen.storyboard in Resources */ = {isa = PBXBuildFile; fileRef = BBA2C8D824B914DE0043C059 /* LaunchScreen.storyboard */; };
		BBA2C8E424B9355C0043C059 /* SecondScreenViewController.swift in Sources */ = {isa = PBXBuildFile; fileRef = BBA2C8E324B9355C0043C059 /* SecondScreenViewController.swift */; };
		BBA2C8E624B943F30043C059 /* FoodViewController.swift in Sources */ = {isa = PBXBuildFile; fileRef = BBA2C8E524B943F30043C059 /* FoodViewController.swift */; };
		BBCE471924B9746B00B7C52A /* ActivityViewController.swift in Sources */ = {isa = PBXBuildFile; fileRef = BBCE471824B9746B00B7C52A /* ActivityViewController.swift */; };
		BBD4850724BA80A700BB5A00 /* BudgetEnum.swift in Sources */ = {isa = PBXBuildFile; fileRef = BBD4850624BA80A700BB5A00 /* BudgetEnum.swift */; };
/* End PBXBuildFile section */

/* Begin PBXFileReference section */
		BBA2C8CA24B914DC0043C059 /* QuickPick.app */ = {isa = PBXFileReference; explicitFileType = wrapper.application; includeInIndex = 0; path = QuickPick.app; sourceTree = BUILT_PRODUCTS_DIR; };
		BBA2C8CD24B914DC0043C059 /* AppDelegate.swift */ = {isa = PBXFileReference; lastKnownFileType = sourcecode.swift; path = AppDelegate.swift; sourceTree = "<group>"; };
		BBA2C8CF24B914DC0043C059 /* SceneDelegate.swift */ = {isa = PBXFileReference; lastKnownFileType = sourcecode.swift; path = SceneDelegate.swift; sourceTree = "<group>"; };
		BBA2C8D124B914DC0043C059 /* HomeViewController.swift */ = {isa = PBXFileReference; lastKnownFileType = sourcecode.swift; path = HomeViewController.swift; sourceTree = "<group>"; };
		BBA2C8D424B914DC0043C059 /* Base */ = {isa = PBXFileReference; lastKnownFileType = file.storyboard; name = Base; path = Base.lproj/Main.storyboard; sourceTree = "<group>"; };
		BBA2C8D624B914DE0043C059 /* Assets.xcassets */ = {isa = PBXFileReference; lastKnownFileType = folder.assetcatalog; path = Assets.xcassets; sourceTree = "<group>"; };
		BBA2C8D924B914DE0043C059 /* Base */ = {isa = PBXFileReference; lastKnownFileType = file.storyboard; name = Base; path = Base.lproj/LaunchScreen.storyboard; sourceTree = "<group>"; };
		BBA2C8DB24B914DE0043C059 /* Info.plist */ = {isa = PBXFileReference; lastKnownFileType = text.plist.xml; path = Info.plist; sourceTree = "<group>"; };
		BBA2C8E324B9355C0043C059 /* SecondScreenViewController.swift */ = {isa = PBXFileReference; lastKnownFileType = sourcecode.swift; path = SecondScreenViewController.swift; sourceTree = "<group>"; };
		BBA2C8E524B943F30043C059 /* FoodViewController.swift */ = {isa = PBXFileReference; lastKnownFileType = sourcecode.swift; path = FoodViewController.swift; sourceTree = "<group>"; };
		BBCE471824B9746B00B7C52A /* ActivityViewController.swift */ = {isa = PBXFileReference; lastKnownFileType = sourcecode.swift; path = ActivityViewController.swift; sourceTree = "<group>"; };
		BBD4850624BA80A700BB5A00 /* BudgetEnum.swift */ = {isa = PBXFileReference; lastKnownFileType = sourcecode.swift; path = BudgetEnum.swift; sourceTree = "<group>"; };
/* End PBXFileReference section */

/* Begin PBXFrameworksBuildPhase section */
		BBA2C8C724B914DC0043C059 /* Frameworks */ = {
			isa = PBXFrameworksBuildPhase;
			buildActionMask = 2147483647;
			files = (
			);
			runOnlyForDeploymentPostprocessing = 0;
		};
/* End PBXFrameworksBuildPhase section */

/* Begin PBXGroup section */
		BBA2C8C124B914DC0043C059 = {
			isa = PBXGroup;
			children = (
				BBA2C8CC24B914DC0043C059 /* QuickPick */,
				BBA2C8CB24B914DC0043C059 /* Products */,
			);
			sourceTree = "<group>";
		};
		BBA2C8CB24B914DC0043C059 /* Products */ = {
			isa = PBXGroup;
			children = (
				BBA2C8CA24B914DC0043C059 /* QuickPick.app */,
			);
			name = Products;
			sourceTree = "<group>";
		};
		BBA2C8CC24B914DC0043C059 /* QuickPick */ = {
			isa = PBXGroup;
			children = (
				BBA2C8CD24B914DC0043C059 /* AppDelegate.swift */,
				BBA2C8CF24B914DC0043C059 /* SceneDelegate.swift */,
				BBA2C8D124B914DC0043C059 /* HomeViewController.swift */,
				BBA2C8E324B9355C0043C059 /* SecondScreenViewController.swift */,
				BBA2C8E524B943F30043C059 /* FoodViewController.swift */,
				BBD4850624BA80A700BB5A00 /* BudgetEnum.swift */,
				BBCE471824B9746B00B7C52A /* ActivityViewController.swift */,
				BBA2C8D324B914DC0043C059 /* Main.storyboard */,
				BBA2C8D624B914DE0043C059 /* Assets.xcassets */,
				BBA2C8D824B914DE0043C059 /* LaunchScreen.storyboard */,
				BBA2C8DB24B914DE0043C059 /* Info.plist */,
			);
			path = QuickPick;
			sourceTree = "<group>";
		};
/* End PBXGroup section */

/* Begin PBXNativeTarget section */
		BBA2C8C924B914DC0043C059 /* QuickPick */ = {
			isa = PBXNativeTarget;
			buildConfigurationList = BBA2C8DE24B914DE0043C059 /* Build configuration list for PBXNativeTarget "QuickPick" */;
			buildPhases = (
				BBA2C8C624B914DC0043C059 /* Sources */,
				BBA2C8C724B914DC0043C059 /* Frameworks */,
				BBA2C8C824B914DC0043C059 /* Resources */,
			);
			buildRules = (
			);
			dependencies = (
			);
			name = QuickPick;
			productName = QuickPick;
			productReference = BBA2C8CA24B914DC0043C059 /* QuickPick.app */;
			productType = "com.apple.product-type.application";
		};
/* End PBXNativeTarget section */

/* Begin PBXProject section */
		BBA2C8C224B914DC0043C059 /* Project object */ = {
			isa = PBXProject;
			attributes = {
				LastSwiftUpdateCheck = 1150;
				LastUpgradeCheck = 1150;
				ORGANIZATIONNAME = "Santi Dasari";
				TargetAttributes = {
					BBA2C8C924B914DC0043C059 = {
						CreatedOnToolsVersion = 11.5;
					};
				};
			};
			buildConfigurationList = BBA2C8C524B914DC0043C059 /* Build configuration list for PBXProject "QuickPick" */;
			compatibilityVersion = "Xcode 9.3";
			developmentRegion = en;
			hasScannedForEncodings = 0;
			knownRegions = (
				en,
				Base,
			);
			mainGroup = BBA2C8C124B914DC0043C059;
			productRefGroup = BBA2C8CB24B914DC0043C059 /* Products */;
			projectDirPath = "";
			projectRoot = "";
			targets = (
				BBA2C8C924B914DC0043C059 /* QuickPick */,
			);
		};
/* End PBXProject section */

/* Begin PBXResourcesBuildPhase section */
		BBA2C8C824B914DC0043C059 /* Resources */ = {
			isa = PBXResourcesBuildPhase;
			buildActionMask = 2147483647;
			files = (
				BBA2C8DA24B914DE0043C059 /* LaunchScreen.storyboard in Resources */,
				BBA2C8D724B914DE0043C059 /* Assets.xcassets in Resources */,
				BBA2C8D524B914DC0043C059 /* Main.storyboard in Resources */,
			);
			runOnlyForDeploymentPostprocessing = 0;
		};
/* End PBXResourcesBuildPhase section */

/* Begin PBXSourcesBuildPhase section */
		BBA2C8C624B914DC0043C059 /* Sources */ = {
			isa = PBXSourcesBuildPhase;
			buildActionMask = 2147483647;
			files = (
				BBD4850724BA80A700BB5A00 /* BudgetEnum.swift in Sources */,
				BBA2C8E424B9355C0043C059 /* SecondScreenViewController.swift in Sources */,
				BBCE471924B9746B00B7C52A /* ActivityViewController.swift in Sources */,
				BBA2C8E624B943F30043C059 /* FoodViewController.swift in Sources */,
				BBA2C8D224B914DC0043C059 /* HomeViewController.swift in Sources */,
				BBA2C8CE24B914DC0043C059 /* AppDelegate.swift in Sources */,
				BBA2C8D024B914DC0043C059 /* SceneDelegate.swift in Sources */,
			);
			runOnlyForDeploymentPostprocessing = 0;
		};
/* End PBXSourcesBuildPhase section */

/* Begin PBXVariantGroup section */
		BBA2C8D324B914DC0043C059 /* Main.storyboard */ = {
			isa = PBXVariantGroup;
			children = (
				BBA2C8D424B914DC0043C059 /* Base */,
			);
			name = Main.storyboard;
			sourceTree = "<group>";
		};
		BBA2C8D824B914DE0043C059 /* LaunchScreen.storyboard */ = {
			isa = PBXVariantGroup;
			children = (
				BBA2C8D924B914DE0043C059 /* Base */,
			);
			name = LaunchScreen.storyboard;
			sourceTree = "<group>";
		};
/* End PBXVariantGroup section */

/* Begin XCBuildConfiguration section */
		BBA2C8DC24B914DE0043C059 /* Debug */ = {
			isa = XCBuildConfiguration;
			buildSettings = {
				ALWAYS_SEARCH_USER_PATHS = NO;
				CLANG_ANALYZER_NONNULL = YES;
				CLANG_ANALYZER_NUMBER_OBJECT_CONVERSION = YES_AGGRESSIVE;
				CLANG_CXX_LANGUAGE_STANDARD = "gnu++14";
				CLANG_CXX_LIBRARY = "libc++";
				CLANG_ENABLE_MODULES = YES;
				CLANG_ENABLE_OBJC_ARC = YES;
				CLANG_ENABLE_OBJC_WEAK = YES;
				CLANG_WARN_BLOCK_CAPTURE_AUTORELEASING = YES;
				CLANG_WARN_BOOL_CONVERSION = YES;
				CLANG_WARN_COMMA = YES;
				CLANG_WARN_CONSTANT_CONVERSION = YES;
				CLANG_WARN_DEPRECATED_OBJC_IMPLEMENTATIONS = YES;
				CLANG_WARN_DIRECT_OBJC_ISA_USAGE = YES_ERROR;
				CLANG_WARN_DOCUMENTATION_COMMENTS = YES;
				CLANG_WARN_EMPTY_BODY = YES;
				CLANG_WARN_ENUM_CONVERSION = YES;
				CLANG_WARN_INFINITE_RECURSION = YES;
				CLANG_WARN_INT_CONVERSION = YES;
				CLANG_WARN_NON_LITERAL_NULL_CONVERSION = YES;
				CLANG_WARN_OBJC_IMPLICIT_RETAIN_SELF = YES;
				CLANG_WARN_OBJC_LITERAL_CONVERSION = YES;
				CLANG_WARN_OBJC_ROOT_CLASS = YES_ERROR;
				CLANG_WARN_RANGE_LOOP_ANALYSIS = YES;
				CLANG_WARN_STRICT_PROTOTYPES = YES;
				CLANG_WARN_SUSPICIOUS_MOVE = YES;
				CLANG_WARN_UNGUARDED_AVAILABILITY = YES_AGGRESSIVE;
				CLANG_WARN_UNREACHABLE_CODE = YES;
				CLANG_WARN__DUPLICATE_METHOD_MATCH = YES;
				COPY_PHASE_STRIP = NO;
				DEBUG_INFORMATION_FORMAT = dwarf;
				ENABLE_STRICT_OBJC_MSGSEND = YES;
				ENABLE_TESTABILITY = YES;
				GCC_C_LANGUAGE_STANDARD = gnu11;
				GCC_DYNAMIC_NO_PIC = NO;
				GCC_NO_COMMON_BLOCKS = YES;
				GCC_OPTIMIZATION_LEVEL = 0;
				GCC_PREPROCESSOR_DEFINITIONS = (
					"DEBUG=1",
					"$(inherited)",
				);
				GCC_WARN_64_TO_32_BIT_CONVERSION = YES;
				GCC_WARN_ABOUT_RETURN_TYPE = YES_ERROR;
				GCC_WARN_UNDECLARED_SELECTOR = YES;
				GCC_WARN_UNINITIALIZED_AUTOS = YES_AGGRESSIVE;
				GCC_WARN_UNUSED_FUNCTION = YES;
				GCC_WARN_UNUSED_VARIABLE = YES;
				IPHONEOS_DEPLOYMENT_TARGET = 13.5;
				MTL_ENABLE_DEBUG_INFO = INCLUDE_SOURCE;
				MTL_FAST_MATH = YES;
				ONLY_ACTIVE_ARCH = YES;
				SDKROOT = iphoneos;
				SWIFT_ACTIVE_COMPILATION_CONDITIONS = DEBUG;
				SWIFT_OPTIMIZATION_LEVEL = "-Onone";
			};
			name = Debug;
		};
		BBA2C8DD24B914DE0043C059 /* Release */ = {
			isa = XCBuildConfiguration;
			buildSettings = {
				ALWAYS_SEARCH_USER_PATHS = NO;
				CLANG_ANALYZER_NONNULL = YES;
				CLANG_ANALYZER_NUMBER_OBJECT_CONVERSION = YES_AGGRESSIVE;
				CLANG_CXX_LANGUAGE_STANDARD = "gnu++14";
				CLANG_CXX_LIBRARY = "libc++";
				CLANG_ENABLE_MODULES = YES;
				CLANG_ENABLE_OBJC_ARC = YES;
				CLANG_ENABLE_OBJC_WEAK = YES;
				CLANG_WARN_BLOCK_CAPTURE_AUTORELEASING = YES;
				CLANG_WARN_BOOL_CONVERSION = YES;
				CLANG_WARN_COMMA = YES;
				CLANG_WARN_CONSTANT_CONVERSION = YES;
				CLANG_WARN_DEPRECATED_OBJC_IMPLEMENTATIONS = YES;
				CLANG_WARN_DIRECT_OBJC_ISA_USAGE = YES_ERROR;
				CLANG_WARN_DOCUMENTATION_COMMENTS = YES;
				CLANG_WARN_EMPTY_BODY = YES;
				CLANG_WARN_ENUM_CONVERSION = YES;
				CLANG_WARN_INFINITE_RECURSION = YES;
				CLANG_WARN_INT_CONVERSION = YES;
				CLANG_WARN_NON_LITERAL_NULL_CONVERSION = YES;
				CLANG_WARN_OBJC_IMPLICIT_RETAIN_SELF = YES;
				CLANG_WARN_OBJC_LITERAL_CONVERSION = YES;
				CLANG_WARN_OBJC_ROOT_CLASS = YES_ERROR;
				CLANG_WARN_RANGE_LOOP_ANALYSIS = YES;
				CLANG_WARN_STRICT_PROTOTYPES = YES;
				CLANG_WARN_SUSPICIOUS_MOVE = YES;
				CLANG_WARN_UNGUARDED_AVAILABILITY = YES_AGGRESSIVE;
				CLANG_WARN_UNREACHABLE_CODE = YES;
				CLANG_WARN__DUPLICATE_METHOD_MATCH = YES;
				COPY_PHASE_STRIP = NO;
				DEBUG_INFORMATION_FORMAT = "dwarf-with-dsym";
				ENABLE_NS_ASSERTIONS = NO;
				ENABLE_STRICT_OBJC_MSGSEND = YES;
				GCC_C_LANGUAGE_STANDARD = gnu11;
				GCC_NO_COMMON_BLOCKS = YES;
				GCC_WARN_64_TO_32_BIT_CONVERSION = YES;
				GCC_WARN_ABOUT_RETURN_TYPE = YES_ERROR;
				GCC_WARN_UNDECLARED_SELECTOR = YES;
				GCC_WARN_UNINITIALIZED_AUTOS = YES_AGGRESSIVE;
				GCC_WARN_UNUSED_FUNCTION = YES;
				GCC_WARN_UNUSED_VARIABLE = YES;
				IPHONEOS_DEPLOYMENT_TARGET = 13.5;
				MTL_ENABLE_DEBUG_INFO = NO;
				MTL_FAST_MATH = YES;
				SDKROOT = iphoneos;
				SWIFT_COMPILATION_MODE = wholemodule;
				SWIFT_OPTIMIZATION_LEVEL = "-O";
				VALIDATE_PRODUCT = YES;
			};
			name = Release;
		};
		BBA2C8DF24B914DE0043C059 /* Debug */ = {
			isa = XCBuildConfiguration;
			buildSettings = {
				ASSETCATALOG_COMPILER_APPICON_NAME = AppIcon;
				CODE_SIGN_STYLE = Automatic;
				INFOPLIST_FILE = QuickPick/Info.plist;
				LD_RUNPATH_SEARCH_PATHS = (
					"$(inherited)",
					"@executable_path/Frameworks",
				);
				PRODUCT_BUNDLE_IDENTIFIER = com.santidasari.QuickPick;
				PRODUCT_NAME = "$(TARGET_NAME)";
				SWIFT_VERSION = 5.0;
				TARGETED_DEVICE_FAMILY = "1,2";
			};
			name = Debug;
		};
		BBA2C8E024B914DE0043C059 /* Release */ = {
			isa = XCBuildConfiguration;
			buildSettings = {
				ASSETCATALOG_COMPILER_APPICON_NAME = AppIcon;
				CODE_SIGN_STYLE = Automatic;
				INFOPLIST_FILE = QuickPick/Info.plist;
				LD_RUNPATH_SEARCH_PATHS = (
					"$(inherited)",
					"@executable_path/Frameworks",
				);
				PRODUCT_BUNDLE_IDENTIFIER = com.santidasari.QuickPick;
				PRODUCT_NAME = "$(TARGET_NAME)";
				SWIFT_VERSION = 5.0;
				TARGETED_DEVICE_FAMILY = "1,2";
			};
			name = Release;
		};
/* End XCBuildConfiguration section */

/* Begin XCConfigurationList section */
		BBA2C8C524B914DC0043C059 /* Build configuration list for PBXProject "QuickPick" */ = {
			isa = XCConfigurationList;
			buildConfigurations = (
				BBA2C8DC24B914DE0043C059 /* Debug */,
				BBA2C8DD24B914DE0043C059 /* Release */,
			);
			defaultConfigurationIsVisible = 0;
			defaultConfigurationName = Release;
		};
		BBA2C8DE24B914DE0043C059 /* Build configuration list for PBXNativeTarget "QuickPick" */ = {
			isa = XCConfigurationList;
			buildConfigurations = (
				BBA2C8DF24B914DE0043C059 /* Debug */,
				BBA2C8E024B914DE0043C059 /* Release */,
			);
			defaultConfigurationIsVisible = 0;
			defaultConfigurationName = Release;
		};
/* End XCConfigurationList section */
	};
	rootObject = BBA2C8C224B914DC0043C059 /* Project object */;
}
